{
  "requires": true,
  "lockfileVersion": 1,
  "dependencies": {
    "@sweetalert2/theme-borderless": {
      "version": "4.0.3",
      "resolved": "https://registry.npmjs.org/@sweetalert2/theme-borderless/-/theme-borderless-4.0.3.tgz",
      "integrity": "sha512-qAWHutMOjlEaK8q3E5mvJYjwmQRI5nympoJnFQZCVGlN06rZ26gcuFXpkSz14JNweY3U1Oo9BzKFGFoFbe5gwQ=="
    },
    "sweetalert2": {
      "version": "10.15.7",
      "resolved": "https://registry.npmjs.org/sweetalert2/-/sweetalert2-10.15.7.tgz",
      "integrity": "sha512-imY0MR03NGefPcGzSYjWYz1GMIlniusEBXilswvKrHD/GMiTxA5jnsdjtK2IoRyXfEaqV7GWt6DM4YVjAZU8gw=="
    }
  }
}
